{
  "pins" : [
    {
      "identity" : "asyncgraphics",
      "kind" : "remoteSourceControl",
      "location" : "https://github.com/heestand-xyz/AsyncGraphics",
      "state" : {
        "revision" : "a57ab44c5a8bdf8f3a22f758596cbbb84efc856e",
        "version" : "1.8.2"
      }
    },
    {
      "identity" : "coregraphicsextensions",
      "kind" : "remoteSourceControl",
      "location" : "https://github.com/heestand-xyz/CoreGraphicsExtensions",
      "state" : {
        "revision" : "d709d012c874482240c0cffc0e458d95c0ede8c8",
        "version" : "1.5.0"
      }
    },
    {
      "identity" : "pixelcolor",
      "kind" : "remoteSourceControl",
      "location" : "https://github.com/heestand-xyz/PixelColor",
      "state" : {
        "revision" : "571060cf302e9465f2ad09cf7ff34deff524d607",
        "version" : "2.2.0"
      }
    },
    {
      "identity" : "swift-syntax",
      "kind" : "remoteSourceControl",
      "location" : "https://github.com/apple/swift-syntax",
      "state" : {
        "revision" : "6ad4ea24b01559dde0773e3d091f1b9e36175036",
        "version" : "509.0.2"
      }
    },
    {
      "identity" : "texturemap",
      "kind" : "remoteSourceControl",
      "location" : "https://github.com/heestand-xyz/TextureMap",
      "state" : {
        "revision" : "0ffd34d628365fce171ca120b6a481a2f9e22da0",
        "version" : "1.0.0"
      }
    },
    {
      "identity" : "videoframes",
      "kind" : "remoteSourceControl",
      "location" : "https://github.com/heestand-xyz/VideoFrames",
      "state" : {
        "revision" : "3de476e958b765699eb2f98ca42336acfc262f49",
        "version" : "1.1.1"
      }
    }
  ],
  "version" : 2
}
